{
  "version": 4,
  "terraform_version": "1.3.5",
  "serial": 15,
  "lineage": "17e12710-bf29-84e9-a3ee-a7fd63437403",
  "outputs": {},
  "resources": [
    {
      "mode": "managed",
      "type": "aws_instance",
      "name": "my_first",
      "provider": "provider[\"registry.terraform.io/hashicorp/aws\"]",
      "instances": [
        {
          "schema_version": 1,
          "attributes": {
            "ami": "ami-0a6b2839d44d781b2",
            "arn": "arn:aws:ec2:us-east-1:359936350705:instance/i-06b949a392698a52a",
            "associate_public_ip_address": true,
            "availability_zone": "us-east-1c",
            "capacity_reservation_specification": [
              {
                "capacity_reservation_preference": "open",
                "capacity_reservation_target": []
              }
            ],
            "cpu_core_count": 1,
            "cpu_threads_per_core": 1,
            "credit_specification": [
              {
                "cpu_credits": "standard"
              }
            ],
            "disable_api_stop": false,
            "disable_api_termination": false,
            "ebs_block_device": [],
            "ebs_optimized": false,
            "enclave_options": [
              {
                "enabled": false
              }
            ],
            "ephemeral_block_device": [],
            "get_password_data": false,
            "hibernation": false,
            "host_id": null,
            "host_resource_group_arn": null,
            "iam_instance_profile": "",
            "id": "i-06b949a392698a52a",
            "instance_initiated_shutdown_behavior": "stop",
            "instance_state": "running",
            "instance_type": "t2.micro",
            "ipv6_address_count": 0,
            "ipv6_addresses": [],
            "key_name": "deployer-key",
            "launch_template": [],
            "maintenance_options": [
              {
                "auto_recovery": "default"
              }
            ],
            "metadata_options": [
              {
                "http_endpoint": "enabled",
                "http_put_response_hop_limit": 1,
                "http_tokens": "optional",
                "instance_metadata_tags": "disabled"
              }
            ],
            "monitoring": false,
            "network_interface": [],
            "outpost_arn": "",
            "password_data": "",
            "placement_group": "",
            "placement_partition_number": null,
            "primary_network_interface_id": "eni-0271eef48d4156957",
            "private_dns": "ip-172-31-88-251.ec2.internal",
            "private_dns_name_options": [
              {
                "enable_resource_name_dns_a_record": false,
                "enable_resource_name_dns_aaaa_record": false,
                "hostname_type": "ip-name"
              }
            ],
            "private_ip": "172.31.88.251",
            "public_dns": "ec2-52-205-88-143.compute-1.amazonaws.com",
            "public_ip": "52.205.88.143",
            "root_block_device": [
              {
                "delete_on_termination": true,
                "device_name": "/dev/sda1",
                "encrypted": false,
                "iops": 100,
                "kms_key_id": "",
                "tags": {},
                "throughput": 0,
                "volume_id": "vol-0b27ecdba18bfb1f8",
                "volume_size": 8,
                "volume_type": "gp2"
              }
            ],
            "secondary_private_ips": [],
            "security_groups": [
              "default"
            ],
            "source_dest_check": true,
            "subnet_id": "subnet-065cfa2e709227c8a",
            "tags": {
              "Name": "FirstUbuntu",
              "Project": "terraform lessons"
            },
            "tags_all": {
              "Name": "FirstUbuntu",
              "Project": "terraform lessons"
            },
            "tenancy": "default",
            "timeouts": null,
            "user_data": null,
            "user_data_base64": null,
            "user_data_replace_on_change": false,
            "volume_tags": null,
            "vpc_security_group_ids": [
              "sg-0d180277615e1f194"
            ]
          },
          "sensitive_attributes": [],
          "private": "eyJlMmJmYjczMC1lY2FhLTExZTYtOGY4OC0zNDM2M2JjN2M0YzAiOnsiY3JlYXRlIjo2MDAwMDAwMDAwMDAsImRlbGV0ZSI6MTIwMDAwMDAwMDAwMCwidXBkYXRlIjo2MDAwMDAwMDAwMDB9LCJzY2hlbWFfdmVyc2lvbiI6IjEifQ=="
        }
      ]
    },
    {
      "mode": "managed",
      "type": "aws_key_pair",
      "name": "deployer",
      "provider": "provider[\"registry.terraform.io/hashicorp/aws\"]",
      "instances": [
        {
          "schema_version": 1,
          "attributes": {
            "arn": "arn:aws:ec2:us-east-1:359936350705:key-pair/deployer-key",
            "fingerprint": "e7:60:39:98:8e:7a:be:f9:fe:7d:71:83:92:b1:a0:d8",
            "id": "deployer-key",
            "key_name": "deployer-key",
            "key_name_prefix": "",
            "key_pair_id": "key-08b7c8ca40056610e",
            "key_type": "rsa",
            "public_key": "ssh-rsa AAAAB3NzaC1yc2EAAAADAQABAAABgQCik7pMAQ2w0EhZGtBn9BmIvBi+C8wn1Zu0/gV+CG4qSZEdNwS9pQZ/c1u+Wxt4cpdnfSWidz4TJc+NUTPNzmFLcmvKLq9ol/Z7LaovKuWRunrLOqwuUUUr+cw9Oo3nOcNEEmHzez/wPalJ4IK6RHuqFJ+r4gkC8crlj9QHgF/b2RGI6tq2JzGQ+wylvcTK5HRN1i6TAF7SHKDWLvj9Lo9VRWEUHON4fc96dVnsyd4aqtMymp3h3buni0NsVQPZwBXViOuwbyc8a9Ipx4W2o2/j0YM3AJCpeDANZoj69BGQNANvNLt+Q+GKzfwk7ziXYZssed2/fWvKRzka30eBw0X1sJDduSuBH1pbXe1Jb0vGyUGWh6MLEzfJdGT78tAg/0UaiGC4KcBo1MwNz9ZWf8KDudPkN/V8QRX5+HhmSz94Ba6LSO8oIwbl37Z5CKU5zktdHvRKoa0IuIAlgcQT0yrHWwI3oje83WcPMUOWEzRdNQEfOS6OztFjn0VGcXQolmk= timofijgaidamacenko@MacBook-Pro-Timofij.local",
            "tags": null,
            "tags_all": {}
          },
          "sensitive_attributes": [],
          "private": "eyJzY2hlbWFfdmVyc2lvbiI6IjEifQ=="
        }
      ]
    }
  ],
  "check_results": null
}
